// !$*UTF8*$!
{
	archiveVersion = 1;
	classes = {
	};
	objectVersion = 50;
	objects = {

/* Begin PBXBuildFile section */
		D75488D625909D7A004182CC /* PersonalInformationController.swift in Sources */ = {isa = PBXBuildFile; fileRef = D75488D525909D7A004182CC /* PersonalInformationController.swift */; };
		D79533FE258C8B91006D41A5 /* AppDelegate.swift in Sources */ = {isa = PBXBuildFile; fileRef = D79533FD258C8B91006D41A5 /* AppDelegate.swift */; };
		D7953400258C8B91006D41A5 /* SceneDelegate.swift in Sources */ = {isa = PBXBuildFile; fileRef = D79533FF258C8B91006D41A5 /* SceneDelegate.swift */; };
		D7953405258C8B91006D41A5 /* Main.storyboard in Resources */ = {isa = PBXBuildFile; fileRef = D7953403258C8B91006D41A5 /* Main.storyboard */; };
		D7953407258C8B92006D41A5 /* Assets.xcassets in Resources */ = {isa = PBXBuildFile; fileRef = D7953406258C8B92006D41A5 /* Assets.xcassets */; };
		D795340A258C8B92006D41A5 /* LaunchScreen.storyboard in Resources */ = {isa = PBXBuildFile; fileRef = D7953408258C8B92006D41A5 /* LaunchScreen.storyboard */; };
		D7953415258C8B92006D41A5 /* swiftlyAppTests.swift in Sources */ = {isa = PBXBuildFile; fileRef = D7953414258C8B92006D41A5 /* swiftlyAppTests.swift */; };
		D7953420258C8B92006D41A5 /* swiftlyAppUITests.swift in Sources */ = {isa = PBXBuildFile; fileRef = D795341F258C8B92006D41A5 /* swiftlyAppUITests.swift */; };
		D795343D258CA77F006D41A5 /* OnboardView.swift in Sources */ = {isa = PBXBuildFile; fileRef = D795343C258CA77F006D41A5 /* OnboardView.swift */; };
		D7953442258CAA3D006D41A5 /* OnboardViewOne.swift in Sources */ = {isa = PBXBuildFile; fileRef = D7953441258CAA3D006D41A5 /* OnboardViewOne.swift */; };
		D7953447258CC3CF006D41A5 /* OnboardViewTwo.swift in Sources */ = {isa = PBXBuildFile; fileRef = D7953446258CC3CF006D41A5 /* OnboardViewTwo.swift */; };
		D795344C258CC41A006D41A5 /* OnboardViewThree.swift in Sources */ = {isa = PBXBuildFile; fileRef = D795344B258CC41A006D41A5 /* OnboardViewThree.swift */; };
		D7DD30172591DCE0004422C4 /* MainPageController.swift in Sources */ = {isa = PBXBuildFile; fileRef = D7DD30162591DCE0004422C4 /* MainPageController.swift */; };
		D7DD301D2591DEEE004422C4 /* MainTabController.swift in Sources */ = {isa = PBXBuildFile; fileRef = D7DD301C2591DEEE004422C4 /* MainTabController.swift */; };
		D7DD302D2591E2C8004422C4 /* firstTabController.swift in Sources */ = {isa = PBXBuildFile; fileRef = D7DD302C2591E2C8004422C4 /* firstTabController.swift */; };
		D7DD30322591E393004422C4 /* firstTab.swift in Sources */ = {isa = PBXBuildFile; fileRef = D7DD30312591E393004422C4 /* firstTab.swift */; };
/* End PBXBuildFile section */

/* Begin PBXContainerItemProxy section */
		D7953411258C8B92006D41A5 /* PBXContainerItemProxy */ = {
			isa = PBXContainerItemProxy;
			containerPortal = D79533F2258C8B91006D41A5 /* Project object */;
			proxyType = 1;
			remoteGlobalIDString = D79533F9258C8B91006D41A5;
			remoteInfo = swiftlyApp;
		};
		D795341C258C8B92006D41A5 /* PBXContainerItemProxy */ = {
			isa = PBXContainerItemProxy;
			containerPortal = D79533F2258C8B91006D41A5 /* Project object */;
			proxyType = 1;
			remoteGlobalIDString = D79533F9258C8B91006D41A5;
			remoteInfo = swiftlyApp;
		};
/* End PBXContainerItemProxy section */

/* Begin PBXFileReference section */
		D75488D525909D7A004182CC /* PersonalInformationController.swift */ = {isa = PBXFileReference; lastKnownFileType = sourcecode.swift; path = PersonalInformationController.swift; sourceTree = "<group>"; };
		D79533FA258C8B91006D41A5 /* swiftlyApp.app */ = {isa = PBXFileReference; explicitFileType = wrapper.application; includeInIndex = 0; path = swiftlyApp.app; sourceTree = BUILT_PRODUCTS_DIR; };
		D79533FD258C8B91006D41A5 /* AppDelegate.swift */ = {isa = PBXFileReference; lastKnownFileType = sourcecode.swift; path = AppDelegate.swift; sourceTree = "<group>"; };
		D79533FF258C8B91006D41A5 /* SceneDelegate.swift */ = {isa = PBXFileReference; lastKnownFileType = sourcecode.swift; path = SceneDelegate.swift; sourceTree = "<group>"; };
		D7953404258C8B91006D41A5 /* Base */ = {isa = PBXFileReference; lastKnownFileType = file.storyboard; name = Base; path = Base.lproj/Main.storyboard; sourceTree = "<group>"; };
		D7953406258C8B92006D41A5 /* Assets.xcassets */ = {isa = PBXFileReference; lastKnownFileType = folder.assetcatalog; path = Assets.xcassets; sourceTree = "<group>"; };
		D7953409258C8B92006D41A5 /* Base */ = {isa = PBXFileReference; lastKnownFileType = file.storyboard; name = Base; path = Base.lproj/LaunchScreen.storyboard; sourceTree = "<group>"; };
		D795340B258C8B92006D41A5 /* Info.plist */ = {isa = PBXFileReference; lastKnownFileType = text.plist.xml; path = Info.plist; sourceTree = "<group>"; };
		D7953410258C8B92006D41A5 /* swiftlyAppTests.xctest */ = {isa = PBXFileReference; explicitFileType = wrapper.cfbundle; includeInIndex = 0; path = swiftlyAppTests.xctest; sourceTree = BUILT_PRODUCTS_DIR; };
		D7953414258C8B92006D41A5 /* swiftlyAppTests.swift */ = {isa = PBXFileReference; lastKnownFileType = sourcecode.swift; path = swiftlyAppTests.swift; sourceTree = "<group>"; };
		D7953416258C8B92006D41A5 /* Info.plist */ = {isa = PBXFileReference; lastKnownFileType = text.plist.xml; path = Info.plist; sourceTree = "<group>"; };
		D795341B258C8B92006D41A5 /* swiftlyAppUITests.xctest */ = {isa = PBXFileReference; explicitFileType = wrapper.cfbundle; includeInIndex = 0; path = swiftlyAppUITests.xctest; sourceTree = BUILT_PRODUCTS_DIR; };
		D795341F258C8B92006D41A5 /* swiftlyAppUITests.swift */ = {isa = PBXFileReference; lastKnownFileType = sourcecode.swift; path = swiftlyAppUITests.swift; sourceTree = "<group>"; };
		D7953421258C8B92006D41A5 /* Info.plist */ = {isa = PBXFileReference; lastKnownFileType = text.plist.xml; path = Info.plist; sourceTree = "<group>"; };
		D795343C258CA77F006D41A5 /* OnboardView.swift */ = {isa = PBXFileReference; lastKnownFileType = sourcecode.swift; path = OnboardView.swift; sourceTree = "<group>"; };
		D7953441258CAA3D006D41A5 /* OnboardViewOne.swift */ = {isa = PBXFileReference; lastKnownFileType = sourcecode.swift; path = OnboardViewOne.swift; sourceTree = "<group>"; };
		D7953446258CC3CF006D41A5 /* OnboardViewTwo.swift */ = {isa = PBXFileReference; lastKnownFileType = sourcecode.swift; path = OnboardViewTwo.swift; sourceTree = "<group>"; };
		D795344B258CC41A006D41A5 /* OnboardViewThree.swift */ = {isa = PBXFileReference; lastKnownFileType = sourcecode.swift; path = OnboardViewThree.swift; sourceTree = "<group>"; };
		D7DD30162591DCE0004422C4 /* MainPageController.swift */ = {isa = PBXFileReference; lastKnownFileType = sourcecode.swift; path = MainPageController.swift; sourceTree = "<group>"; };
		D7DD301C2591DEEE004422C4 /* MainTabController.swift */ = {isa = PBXFileReference; lastKnownFileType = sourcecode.swift; path = MainTabController.swift; sourceTree = "<group>"; };
		D7DD302C2591E2C8004422C4 /* firstTabController.swift */ = {isa = PBXFileReference; lastKnownFileType = sourcecode.swift; path = firstTabController.swift; sourceTree = "<group>"; };
		D7DD30312591E393004422C4 /* firstTab.swift */ = {isa = PBXFileReference; lastKnownFileType = sourcecode.swift; path = firstTab.swift; sourceTree = "<group>"; };
/* End PBXFileReference section */

/* Begin PBXFrameworksBuildPhase section */
		D79533F7258C8B91006D41A5 /* Frameworks */ = {
			isa = PBXFrameworksBuildPhase;
			buildActionMask = 2147483647;
			files = (
			);
			runOnlyForDeploymentPostprocessing = 0;
		};
		D795340D258C8B92006D41A5 /* Frameworks */ = {
			isa = PBXFrameworksBuildPhase;
			buildActionMask = 2147483647;
			files = (
			);
			runOnlyForDeploymentPostprocessing = 0;
		};
		D7953418258C8B92006D41A5 /* Frameworks */ = {
			isa = PBXFrameworksBuildPhase;
			buildActionMask = 2147483647;
			files = (
			);
			runOnlyForDeploymentPostprocessing = 0;
		};
/* End PBXFrameworksBuildPhase section */

/* Begin PBXGroup section */
		D79533F1258C8B91006D41A5 = {
			isa = PBXGroup;
			children = (
				D79533FC258C8B91006D41A5 /* swiftlyApp */,
				D7953413258C8B92006D41A5 /* swiftlyAppTests */,
				D795341E258C8B92006D41A5 /* swiftlyAppUITests */,
				D79533FB258C8B91006D41A5 /* Products */,
			);
			sourceTree = "<group>";
		};
		D79533FB258C8B91006D41A5 /* Products */ = {
			isa = PBXGroup;
			children = (
				D79533FA258C8B91006D41A5 /* swiftlyApp.app */,
				D7953410258C8B92006D41A5 /* swiftlyAppTests.xctest */,
				D795341B258C8B92006D41A5 /* swiftlyAppUITests.xctest */,
			);
			name = Products;
			sourceTree = "<group>";
		};
		D79533FC258C8B91006D41A5 /* swiftlyApp */ = {
			isa = PBXGroup;
			children = (
				D7DD301B2591DECB004422C4 /* Navigation Bar */,
				D7953435258C9730006D41A5 /* Onboard */,
				D79533FD258C8B91006D41A5 /* AppDelegate.swift */,
				D79533FF258C8B91006D41A5 /* SceneDelegate.swift */,
				D7953403258C8B91006D41A5 /* Main.storyboard */,
				D7953406258C8B92006D41A5 /* Assets.xcassets */,
				D7953408258C8B92006D41A5 /* LaunchScreen.storyboard */,
				D795340B258C8B92006D41A5 /* Info.plist */,
				D75488D525909D7A004182CC /* PersonalInformationController.swift */,
				D7DD30162591DCE0004422C4 /* MainPageController.swift */,
			);
			path = swiftlyApp;
			sourceTree = "<group>";
		};
		D7953413258C8B92006D41A5 /* swiftlyAppTests */ = {
			isa = PBXGroup;
			children = (
				D7953414258C8B92006D41A5 /* swiftlyAppTests.swift */,
				D7953416258C8B92006D41A5 /* Info.plist */,
			);
			path = swiftlyAppTests;
			sourceTree = "<group>";
		};
		D795341E258C8B92006D41A5 /* swiftlyAppUITests */ = {
			isa = PBXGroup;
			children = (
				D795341F258C8B92006D41A5 /* swiftlyAppUITests.swift */,
				D7953421258C8B92006D41A5 /* Info.plist */,
			);
			path = swiftlyAppUITests;
			sourceTree = "<group>";
		};
		D7953435258C9730006D41A5 /* Onboard */ = {
			isa = PBXGroup;
			children = (
				D795343C258CA77F006D41A5 /* OnboardView.swift */,
				D7953441258CAA3D006D41A5 /* OnboardViewOne.swift */,
				D7953446258CC3CF006D41A5 /* OnboardViewTwo.swift */,
				D795344B258CC41A006D41A5 /* OnboardViewThree.swift */,
			);
			path = Onboard;
			sourceTree = "<group>";
		};
		D7DD301B2591DECB004422C4 /* Navigation Bar */ = {
			isa = PBXGroup;
			children = (
				D7DD301C2591DEEE004422C4 /* MainTabController.swift */,
				D7DD302C2591E2C8004422C4 /* firstTabController.swift */,
				D7DD30312591E393004422C4 /* firstTab.swift */,
			);
			path = "Navigation Bar";
			sourceTree = "<group>";
		};
/* End PBXGroup section */

/* Begin PBXNativeTarget section */
		D79533F9258C8B91006D41A5 /* swiftlyApp */ = {
			isa = PBXNativeTarget;
			buildConfigurationList = D7953424258C8B92006D41A5 /* Build configuration list for PBXNativeTarget "swiftlyApp" */;
			buildPhases = (
				D79533F6258C8B91006D41A5 /* Sources */,
				D79533F7258C8B91006D41A5 /* Frameworks */,
				D79533F8258C8B91006D41A5 /* Resources */,
			);
			buildRules = (
			);
			dependencies = (
			);
			name = swiftlyApp;
			productName = swiftlyApp;
			productReference = D79533FA258C8B91006D41A5 /* swiftlyApp.app */;
			productType = "com.apple.product-type.application";
		};
		D795340F258C8B92006D41A5 /* swiftlyAppTests */ = {
			isa = PBXNativeTarget;
			buildConfigurationList = D7953427258C8B92006D41A5 /* Build configuration list for PBXNativeTarget "swiftlyAppTests" */;
			buildPhases = (
				D795340C258C8B92006D41A5 /* Sources */,
				D795340D258C8B92006D41A5 /* Frameworks */,
				D795340E258C8B92006D41A5 /* Resources */,
			);
			buildRules = (
			);
			dependencies = (
				D7953412258C8B92006D41A5 /* PBXTargetDependency */,
			);
			name = swiftlyAppTests;
			productName = swiftlyAppTests;
			productReference = D7953410258C8B92006D41A5 /* swiftlyAppTests.xctest */;
			productType = "com.apple.product-type.bundle.unit-test";
		};
		D795341A258C8B92006D41A5 /* swiftlyAppUITests */ = {
			isa = PBXNativeTarget;
			buildConfigurationList = D795342A258C8B92006D41A5 /* Build configuration list for PBXNativeTarget "swiftlyAppUITests" */;
			buildPhases = (
				D7953417258C8B92006D41A5 /* Sources */,
				D7953418258C8B92006D41A5 /* Frameworks */,
				D7953419258C8B92006D41A5 /* Resources */,
			);
			buildRules = (
			);
			dependencies = (
				D795341D258C8B92006D41A5 /* PBXTargetDependency */,
			);
			name = swiftlyAppUITests;
			productName = swiftlyAppUITests;
			productReference = D795341B258C8B92006D41A5 /* swiftlyAppUITests.xctest */;
			productType = "com.apple.product-type.bundle.ui-testing";
		};
/* End PBXNativeTarget section */

/* Begin PBXProject section */
		D79533F2258C8B91006D41A5 /* Project object */ = {
			isa = PBXProject;
			attributes = {
				LastSwiftUpdateCheck = 1230;
				LastUpgradeCheck = 1230;
				TargetAttributes = {
					D79533F9258C8B91006D41A5 = {
						CreatedOnToolsVersion = 12.3;
					};
					D795340F258C8B92006D41A5 = {
						CreatedOnToolsVersion = 12.3;
						TestTargetID = D79533F9258C8B91006D41A5;
					};
					D795341A258C8B92006D41A5 = {
						CreatedOnToolsVersion = 12.3;
						TestTargetID = D79533F9258C8B91006D41A5;
					};
				};
			};
			buildConfigurationList = D79533F5258C8B91006D41A5 /* Build configuration list for PBXProject "swiftlyApp" */;
			compatibilityVersion = "Xcode 9.3";
			developmentRegion = en;
			hasScannedForEncodings = 0;
			knownRegions = (
				en,
				Base,
			);
			mainGroup = D79533F1258C8B91006D41A5;
			productRefGroup = D79533FB258C8B91006D41A5 /* Products */;
			projectDirPath = "";
			projectRoot = "";
			targets = (
				D79533F9258C8B91006D41A5 /* swiftlyApp */,
				D795340F258C8B92006D41A5 /* swiftlyAppTests */,
				D795341A258C8B92006D41A5 /* swiftlyAppUITests */,
			);
		};
/* End PBXProject section */

/* Begin PBXResourcesBuildPhase section */
		D79533F8258C8B91006D41A5 /* Resources */ = {
			isa = PBXResourcesBuildPhase;
			buildActionMask = 2147483647;
			files = (
				D795340A258C8B92006D41A5 /* LaunchScreen.storyboard in Resources */,
				D7953407258C8B92006D41A5 /* Assets.xcassets in Resources */,
				D7953405258C8B91006D41A5 /* Main.storyboard in Resources */,
			);
			runOnlyForDeploymentPostprocessing = 0;
		};
		D795340E258C8B92006D41A5 /* Resources */ = {
			isa = PBXResourcesBuildPhase;
			buildActionMask = 2147483647;
			files = (
			);
			runOnlyForDeploymentPostprocessing = 0;
		};
		D7953419258C8B92006D41A5 /* Resources */ = {
			isa = PBXResourcesBuildPhase;
			buildActionMask = 2147483647;
			files = (
			);
			runOnlyForDeploymentPostprocessing = 0;
		};
/* End PBXResourcesBuildPhase section */

/* Begin PBXSourcesBuildPhase section */
		D79533F6258C8B91006D41A5 /* Sources */ = {
			isa = PBXSourcesBuildPhase;
			buildActionMask = 2147483647;
			files = (
				D795343D258CA77F006D41A5 /* OnboardView.swift in Sources */,
				D7DD30172591DCE0004422C4 /* MainPageController.swift in Sources */,
				D7DD302D2591E2C8004422C4 /* firstTabController.swift in Sources */,
				D7953447258CC3CF006D41A5 /* OnboardViewTwo.swift in Sources */,
				D795344C258CC41A006D41A5 /* OnboardViewThree.swift in Sources */,
				D75488D625909D7A004182CC /* PersonalInformationController.swift in Sources */,
				D7DD301D2591DEEE004422C4 /* MainTabController.swift in Sources */,
				D7953442258CAA3D006D41A5 /* OnboardViewOne.swift in Sources */,
				D79533FE258C8B91006D41A5 /* AppDelegate.swift in Sources */,
				D7DD30322591E393004422C4 /* firstTab.swift in Sources */,
				D7953400258C8B91006D41A5 /* SceneDelegate.swift in Sources */,
			);
			runOnlyForDeploymentPostprocessing = 0;
		};
		D795340C258C8B92006D41A5 /* Sources */ = {
			isa = PBXSourcesBuildPhase;
			buildActionMask = 2147483647;
			files = (
				D7953415258C8B92006D41A5 /* swiftlyAppTests.swift in Sources */,
			);
			runOnlyForDeploymentPostprocessing = 0;
		};
		D7953417258C8B92006D41A5 /* Sources */ = {
			isa = PBXSourcesBuildPhase;
			buildActionMask = 2147483647;
			files = (
				D7953420258C8B92006D41A5 /* swiftlyAppUITests.swift in Sources */,
			);
			runOnlyForDeploymentPostprocessing = 0;
		};
/* End PBXSourcesBuildPhase section */

/* Begin PBXTargetDependency section */
		D7953412258C8B92006D41A5 /* PBXTargetDependency */ = {
			isa = PBXTargetDependency;
			target = D79533F9258C8B91006D41A5 /* swiftlyApp */;
			targetProxy = D7953411258C8B92006D41A5 /* PBXContainerItemProxy */;
		};
		D795341D258C8B92006D41A5 /* PBXTargetDependency */ = {
			isa = PBXTargetDependency;
			target = D79533F9258C8B91006D41A5 /* swiftlyApp */;
			targetProxy = D795341C258C8B92006D41A5 /* PBXContainerItemProxy */;
		};
/* End PBXTargetDependency section */

/* Begin PBXVariantGroup section */
		D7953403258C8B91006D41A5 /* Main.storyboard */ = {
			isa = PBXVariantGroup;
			children = (
				D7953404258C8B91006D41A5 /* Base */,
			);
			name = Main.storyboard;
			sourceTree = "<group>";
		};
		D7953408258C8B92006D41A5 /* LaunchScreen.storyboard */ = {
			isa = PBXVariantGroup;
			children = (
				D7953409258C8B92006D41A5 /* Base */,
			);
			name = LaunchScreen.storyboard;
			sourceTree = "<group>";
		};
/* End PBXVariantGroup section */

/* Begin XCBuildConfiguration section */
		D7953422258C8B92006D41A5 /* Debug */ = {
			isa = XCBuildConfiguration;
			buildSettings = {
				ALWAYS_SEARCH_USER_PATHS = NO;
				CLANG_ANALYZER_NONNULL = YES;
				CLANG_ANALYZER_NUMBER_OBJECT_CONVERSION = YES_AGGRESSIVE;
				CLANG_CXX_LANGUAGE_STANDARD = "gnu++14";
				CLANG_CXX_LIBRARY = "libc++";
				CLANG_ENABLE_MODULES = YES;
				CLANG_ENABLE_OBJC_ARC = YES;
				CLANG_ENABLE_OBJC_WEAK = YES;
				CLANG_WARN_BLOCK_CAPTURE_AUTORELEASING = YES;
				CLANG_WARN_BOOL_CONVERSION = YES;
				CLANG_WARN_COMMA = YES;
				CLANG_WARN_CONSTANT_CONVERSION = YES;
				CLANG_WARN_DEPRECATED_OBJC_IMPLEMENTATIONS = YES;
				CLANG_WARN_DIRECT_OBJC_ISA_USAGE = YES_ERROR;
				CLANG_WARN_DOCUMENTATION_COMMENTS = YES;
				CLANG_WARN_EMPTY_BODY = YES;
				CLANG_WARN_ENUM_CONVERSION = YES;
				CLANG_WARN_INFINITE_RECURSION = YES;
				CLANG_WARN_INT_CONVERSION = YES;
				CLANG_WARN_NON_LITERAL_NULL_CONVERSION = YES;
				CLANG_WARN_OBJC_IMPLICIT_RETAIN_SELF = YES;
				CLANG_WARN_OBJC_LITERAL_CONVERSION = YES;
				CLANG_WARN_OBJC_ROOT_CLASS = YES_ERROR;
				CLANG_WARN_QUOTED_INCLUDE_IN_FRAMEWORK_HEADER = YES;
				CLANG_WARN_RANGE_LOOP_ANALYSIS = YES;
				CLANG_WARN_STRICT_PROTOTYPES = YES;
				CLANG_WARN_SUSPICIOUS_MOVE = YES;
				CLANG_WARN_UNGUARDED_AVAILABILITY = YES_AGGRESSIVE;
				CLANG_WARN_UNREACHABLE_CODE = YES;
				CLANG_WARN__DUPLICATE_METHOD_MATCH = YES;
				COPY_PHASE_STRIP = NO;
				DEBUG_INFORMATION_FORMAT = dwarf;
				ENABLE_STRICT_OBJC_MSGSEND = YES;
				ENABLE_TESTABILITY = YES;
				GCC_C_LANGUAGE_STANDARD = gnu11;
				GCC_DYNAMIC_NO_PIC = NO;
				GCC_NO_COMMON_BLOCKS = YES;
				GCC_OPTIMIZATION_LEVEL = 0;
				GCC_PREPROCESSOR_DEFINITIONS = (
					"DEBUG=1",
					"$(inherited)",
				);
				GCC_WARN_64_TO_32_BIT_CONVERSION = YES;
				GCC_WARN_ABOUT_RETURN_TYPE = YES_ERROR;
				GCC_WARN_UNDECLARED_SELECTOR = YES;
				GCC_WARN_UNINITIALIZED_AUTOS = YES_AGGRESSIVE;
				GCC_WARN_UNUSED_FUNCTION = YES;
				GCC_WARN_UNUSED_VARIABLE = YES;
				IPHONEOS_DEPLOYMENT_TARGET = 14.3;
				MTL_ENABLE_DEBUG_INFO = INCLUDE_SOURCE;
				MTL_FAST_MATH = YES;
				ONLY_ACTIVE_ARCH = YES;
				SDKROOT = iphoneos;
				SWIFT_ACTIVE_COMPILATION_CONDITIONS = DEBUG;
				SWIFT_OPTIMIZATION_LEVEL = "-Onone";
			};
			name = Debug;
		};
		D7953423258C8B92006D41A5 /* Release */ = {
			isa = XCBuildConfiguration;
			buildSettings = {
				ALWAYS_SEARCH_USER_PATHS = NO;
				CLANG_ANALYZER_NONNULL = YES;
				CLANG_ANALYZER_NUMBER_OBJECT_CONVERSION = YES_AGGRESSIVE;
				CLANG_CXX_LANGUAGE_STANDARD = "gnu++14";
				CLANG_CXX_LIBRARY = "libc++";
				CLANG_ENABLE_MODULES = YES;
				CLANG_ENABLE_OBJC_ARC = YES;
				CLANG_ENABLE_OBJC_WEAK = YES;
				CLANG_WARN_BLOCK_CAPTURE_AUTORELEASING = YES;
				CLANG_WARN_BOOL_CONVERSION = YES;
				CLANG_WARN_COMMA = YES;
				CLANG_WARN_CONSTANT_CONVERSION = YES;
				CLANG_WARN_DEPRECATED_OBJC_IMPLEMENTATIONS = YES;
				CLANG_WARN_DIRECT_OBJC_ISA_USAGE = YES_ERROR;
				CLANG_WARN_DOCUMENTATION_COMMENTS = YES;
				CLANG_WARN_EMPTY_BODY = YES;
				CLANG_WARN_ENUM_CONVERSION = YES;
				CLANG_WARN_INFINITE_RECURSION = YES;
				CLANG_WARN_INT_CONVERSION = YES;
				CLANG_WARN_NON_LITERAL_NULL_CONVERSION = YES;
				CLANG_WARN_OBJC_IMPLICIT_RETAIN_SELF = YES;
				CLANG_WARN_OBJC_LITERAL_CONVERSION = YES;
				CLANG_WARN_OBJC_ROOT_CLASS = YES_ERROR;
				CLANG_WARN_QUOTED_INCLUDE_IN_FRAMEWORK_HEADER = YES;
				CLANG_WARN_RANGE_LOOP_ANALYSIS = YES;
				CLANG_WARN_STRICT_PROTOTYPES = YES;
				CLANG_WARN_SUSPICIOUS_MOVE = YES;
				CLANG_WARN_UNGUARDED_AVAILABILITY = YES_AGGRESSIVE;
				CLANG_WARN_UNREACHABLE_CODE = YES;
				CLANG_WARN__DUPLICATE_METHOD_MATCH = YES;
				COPY_PHASE_STRIP = NO;
				DEBUG_INFORMATION_FORMAT = "dwarf-with-dsym";
				ENABLE_NS_ASSERTIONS = NO;
				ENABLE_STRICT_OBJC_MSGSEND = YES;
				GCC_C_LANGUAGE_STANDARD = gnu11;
				GCC_NO_COMMON_BLOCKS = YES;
				GCC_WARN_64_TO_32_BIT_CONVERSION = YES;
				GCC_WARN_ABOUT_RETURN_TYPE = YES_ERROR;
				GCC_WARN_UNDECLARED_SELECTOR = YES;
				GCC_WARN_UNINITIALIZED_AUTOS = YES_AGGRESSIVE;
				GCC_WARN_UNUSED_FUNCTION = YES;
				GCC_WARN_UNUSED_VARIABLE = YES;
				IPHONEOS_DEPLOYMENT_TARGET = 14.3;
				MTL_ENABLE_DEBUG_INFO = NO;
				MTL_FAST_MATH = YES;
				SDKROOT = iphoneos;
				SWIFT_COMPILATION_MODE = wholemodule;
				SWIFT_OPTIMIZATION_LEVEL = "-O";
				VALIDATE_PRODUCT = YES;
			};
			name = Release;
		};
		D7953425258C8B92006D41A5 /* Debug */ = {
			isa = XCBuildConfiguration;
			buildSettings = {
				ASSETCATALOG_COMPILER_APPICON_NAME = AppIcon;
				ASSETCATALOG_COMPILER_GLOBAL_ACCENT_COLOR_NAME = AccentColor;
				CODE_SIGN_STYLE = Automatic;
				INFOPLIST_FILE = swiftlyApp/Info.plist;
				LD_RUNPATH_SEARCH_PATHS = (
					"$(inherited)",
					"@executable_path/Frameworks",
				);
				PRODUCT_BUNDLE_IDENTIFIER = mynStudio.swiftlyApp;
				PRODUCT_NAME = "$(TARGET_NAME)";
				SWIFT_VERSION = 5.0;
				TARGETED_DEVICE_FAMILY = "1,2";
			};
			name = Debug;
		};
		D7953426258C8B92006D41A5 /* Release */ = {
			isa = XCBuildConfiguration;
			buildSettings = {
				ASSETCATALOG_COMPILER_APPICON_NAME = AppIcon;
				ASSETCATALOG_COMPILER_GLOBAL_ACCENT_COLOR_NAME = AccentColor;
				CODE_SIGN_STYLE = Automatic;
				INFOPLIST_FILE = swiftlyApp/Info.plist;
				LD_RUNPATH_SEARCH_PATHS = (
					"$(inherited)",
					"@executable_path/Frameworks",
				);
				PRODUCT_BUNDLE_IDENTIFIER = mynStudio.swiftlyApp;
				PRODUCT_NAME = "$(TARGET_NAME)";
				SWIFT_VERSION = 5.0;
				TARGETED_DEVICE_FAMILY = "1,2";
			};
			name = Release;
		};
		D7953428258C8B92006D41A5 /* Debug */ = {
			isa = XCBuildConfiguration;
			buildSettings = {
				ALWAYS_EMBED_SWIFT_STANDARD_LIBRARIES = YES;
				BUNDLE_LOADER = "$(TEST_HOST)";
				CODE_SIGN_STYLE = Automatic;
				INFOPLIST_FILE = swiftlyAppTests/Info.plist;
				IPHONEOS_DEPLOYMENT_TARGET = 14.3;
				LD_RUNPATH_SEARCH_PATHS = (
					"$(inherited)",
					"@executable_path/Frameworks",
					"@loader_path/Frameworks",
				);
				PRODUCT_BUNDLE_IDENTIFIER = mynStudio.swiftlyAppTests;
				PRODUCT_NAME = "$(TARGET_NAME)";
				SWIFT_VERSION = 5.0;
				TARGETED_DEVICE_FAMILY = "1,2";
				TEST_HOST = "$(BUILT_PRODUCTS_DIR)/swiftlyApp.app/swiftlyApp";
			};
			name = Debug;
		};
		D7953429258C8B92006D41A5 /* Release */ = {
			isa = XCBuildConfiguration;
			buildSettings = {
				ALWAYS_EMBED_SWIFT_STANDARD_LIBRARIES = YES;
				BUNDLE_LOADER = "$(TEST_HOST)";
				CODE_SIGN_STYLE = Automatic;
				INFOPLIST_FILE = swiftlyAppTests/Info.plist;
				IPHONEOS_DEPLOYMENT_TARGET = 14.3;
				LD_RUNPATH_SEARCH_PATHS = (
					"$(inherited)",
					"@executable_path/Frameworks",
					"@loader_path/Frameworks",
				);
				PRODUCT_BUNDLE_IDENTIFIER = mynStudio.swiftlyAppTests;
				PRODUCT_NAME = "$(TARGET_NAME)";
				SWIFT_VERSION = 5.0;
				TARGETED_DEVICE_FAMILY = "1,2";
				TEST_HOST = "$(BUILT_PRODUCTS_DIR)/swiftlyApp.app/swiftlyApp";
			};
			name = Release;
		};
		D795342B258C8B92006D41A5 /* Debug */ = {
			isa = XCBuildConfiguration;
			buildSettings = {
				ALWAYS_EMBED_SWIFT_STANDARD_LIBRARIES = YES;
				CODE_SIGN_STYLE = Automatic;
				INFOPLIST_FILE = swiftlyAppUITests/Info.plist;
				LD_RUNPATH_SEARCH_PATHS = (
					"$(inherited)",
					"@executable_path/Frameworks",
					"@loader_path/Frameworks",
				);
				PRODUCT_BUNDLE_IDENTIFIER = mynStudio.swiftlyAppUITests;
				PRODUCT_NAME = "$(TARGET_NAME)";
				SWIFT_VERSION = 5.0;
				TARGETED_DEVICE_FAMILY = "1,2";
				TEST_TARGET_NAME = swiftlyApp;
			};
			name = Debug;
		};
		D795342C258C8B92006D41A5 /* Release */ = {
			isa = XCBuildConfiguration;
			buildSettings = {
				ALWAYS_EMBED_SWIFT_STANDARD_LIBRARIES = YES;
				CODE_SIGN_STYLE = Automatic;
				INFOPLIST_FILE = swiftlyAppUITests/Info.plist;
				LD_RUNPATH_SEARCH_PATHS = (
					"$(inherited)",
					"@executable_path/Frameworks",
					"@loader_path/Frameworks",
				);
				PRODUCT_BUNDLE_IDENTIFIER = mynStudio.swiftlyAppUITests;
				PRODUCT_NAME = "$(TARGET_NAME)";
				SWIFT_VERSION = 5.0;
				TARGETED_DEVICE_FAMILY = "1,2";
				TEST_TARGET_NAME = swiftlyApp;
			};
			name = Release;
		};
/* End XCBuildConfiguration section */

/* Begin XCConfigurationList section */
		D79533F5258C8B91006D41A5 /* Build configuration list for PBXProject "swiftlyApp" */ = {
			isa = XCConfigurationList;
			buildConfigurations = (
				D7953422258C8B92006D41A5 /* Debug */,
				D7953423258C8B92006D41A5 /* Release */,
			);
			defaultConfigurationIsVisible = 0;
			defaultConfigurationName = Release;
		};
		D7953424258C8B92006D41A5 /* Build configuration list for PBXNativeTarget "swiftlyApp" */ = {
			isa = XCConfigurationList;
			buildConfigurations = (
				D7953425258C8B92006D41A5 /* Debug */,
				D7953426258C8B92006D41A5 /* Release */,
			);
			defaultConfigurationIsVisible = 0;
			defaultConfigurationName = Release;
		};
		D7953427258C8B92006D41A5 /* Build configuration list for PBXNativeTarget "swiftlyAppTests" */ = {
			isa = XCConfigurationList;
			buildConfigurations = (
				D7953428258C8B92006D41A5 /* Debug */,
				D7953429258C8B92006D41A5 /* Release */,
			);
			defaultConfigurationIsVisible = 0;
			defaultConfigurationName = Release;
		};
		D795342A258C8B92006D41A5 /* Build configuration list for PBXNativeTarget "swiftlyAppUITests" */ = {
			isa = XCConfigurationList;
			buildConfigurations = (
				D795342B258C8B92006D41A5 /* Debug */,
				D795342C258C8B92006D41A5 /* Release */,
			);
			defaultConfigurationIsVisible = 0;
			defaultConfigurationName = Release;
		};
/* End XCConfigurationList section */
	};
	rootObject = D79533F2258C8B91006D41A5 /* Project object */;
}
